
Microsoft Visual Studio Solution File, Format Version 12.00
# Visual Studio 15
VisualStudioVersion = 15.0.27924.0
MinimumVisualStudioVersion = 10.0.40219.1
Project("{FAE04EC0-301F-11D3-BF4B-00C04F79EFBC}") = "Sales.Android", "Sales\Sales.Android\Sales.Android.csproj", "{DA31F67F-E237-48D5-B1E9-FED48896862B}"
EndProject
Project("{FAE04EC0-301F-11D3-BF4B-00C04F79EFBC}") = "Sales.iOS", "Sales\Sales.iOS\Sales.iOS.csproj", "{E813CE0A-1663-4975-8DFE-CBEEB1A238F6}"
EndProject
Project("{FAE04EC0-301F-11D3-BF4B-00C04F79EFBC}") = "Sales.UWP", "Sales\Sales.UWP\Sales.UWP.csproj", "{3E6B698C-B800-4E3C-99F6-E748EA5FFC66}"
EndProject
Project("{9A19103F-16F7-4668-BE54-9A1E7A4F7556}") = "Sales", "Sales\Sales\Sales.csproj", "{98783671-D40D-4125-AC9F-1B03E55C7EF8}"
EndProject
Project("{FAE04EC0-301F-11D3-BF4B-00C04F79EFBC}") = "Sales.Backend", "Sales.Backend\Sales.Backend.csproj", "{3C4CE852-0C4B-44D6-9A7C-DC5382227F08}"
EndProject
Project("{FAE04EC0-301F-11D3-BF4B-00C04F79EFBC}") = "Sales.API", "Sales.API\Sales.API.csproj", "{1EDE4025-EB4A-4772-B78B-C0F108B87D5D}"
EndProject
Project("{FAE04EC0-301F-11D3-BF4B-00C04F79EFBC}") = "Sales.Domain", "Sales.Domain\Sales.Domain.csproj", "{9879554F-DA51-45D5-AE4E-08E30DA1BED5}"
EndProject
Project("{FAE04EC0-301F-11D3-BF4B-00C04F79EFBC}") = "Sales.Common", "Sales.Common\Sales.Common.csproj", "{34CAC680-1B8C-40AA-9C38-4AA167DFF4BE}"
EndProject
Global
	GlobalSection(SolutionConfigurationPlatforms) = preSolution
		Ad-Hoc|Any CPU = Ad-Hoc|Any CPU
		Ad-Hoc|ARM = Ad-Hoc|ARM
		Ad-Hoc|iPhone = Ad-Hoc|iPhone
		Ad-Hoc|iPhoneSimulator = Ad-Hoc|iPhoneSimulator
		Ad-Hoc|x64 = Ad-Hoc|x64
		Ad-Hoc|x86 = Ad-Hoc|x86
		AppStore|Any CPU = AppStore|Any CPU
		AppStore|ARM = AppStore|ARM
		AppStore|iPhone = AppStore|iPhone
		AppStore|iPhoneSimulator = AppStore|iPhoneSimulator
		AppStore|x64 = AppStore|x64
		AppStore|x86 = AppStore|x86
		Debug|Any CPU = Debug|Any CPU
		Debug|ARM = Debug|ARM
		Debug|iPhone = Debug|iPhone
		Debug|iPhoneSimulator = Debug|iPhoneSimulator
		Debug|x64 = Debug|x64
		Debug|x86 = Debug|x86
		Release|Any CPU = Release|Any CPU
		Release|ARM = Release|ARM
		Release|iPhone = Release|iPhone
		Release|iPhoneSimulator = Release|iPhoneSimulator
		Release|x64 = Release|x64
		Release|x86 = Release|x86
	EndGlobalSection
	GlobalSection(ProjectConfigurationPlatforms) = postSolution
		{DA31F67F-E237-48D5-B1E9-FED48896862B}.Ad-Hoc|Any CPU.ActiveCfg = Release|Any CPU
		{DA31F67F-E237-48D5-B1E9-FED48896862B}.Ad-Hoc|Any CPU.Build.0 = Release|Any CPU
		{DA31F67F-E237-48D5-B1E9-FED48896862B}.Ad-Hoc|Any CPU.Deploy.0 = Release|Any CPU
		{DA31F67F-E237-48D5-B1E9-FED48896862B}.Ad-Hoc|ARM.ActiveCfg = Release|Any CPU
		{DA31F67F-E237-48D5-B1E9-FED48896862B}.Ad-Hoc|ARM.Build.0 = Release|Any CPU
		{DA31F67F-E237-48D5-B1E9-FED48896862B}.Ad-Hoc|ARM.Deploy.0 = Release|Any CPU
		{DA31F67F-E237-48D5-B1E9-FED48896862B}.Ad-Hoc|iPhone.ActiveCfg = Release|Any CPU
		{DA31F67F-E237-48D5-B1E9-FED48896862B}.Ad-Hoc|iPhone.Build.0 = Release|Any CPU
		{DA31F67F-E237-48D5-B1E9-FED48896862B}.Ad-Hoc|iPhone.Deploy.0 = Release|Any CPU
		{DA31F67F-E237-48D5-B1E9-FED48896862B}.Ad-Hoc|iPhoneSimulator.ActiveCfg = Release|Any CPU
		{DA31F67F-E237-48D5-B1E9-FED48896862B}.Ad-Hoc|iPhoneSimulator.Build.0 = Release|Any CPU
		{DA31F67F-E237-48D5-B1E9-FED48896862B}.Ad-Hoc|iPhoneSimulator.Deploy.0 = Release|Any CPU
		{DA31F67F-E237-48D5-B1E9-FED48896862B}.Ad-Hoc|x64.ActiveCfg = Release|Any CPU
		{DA31F67F-E237-48D5-B1E9-FED48896862B}.Ad-Hoc|x64.Build.0 = Release|Any CPU
		{DA31F67F-E237-48D5-B1E9-FED48896862B}.Ad-Hoc|x64.Deploy.0 = Release|Any CPU
		{DA31F67F-E237-48D5-B1E9-FED48896862B}.Ad-Hoc|x86.ActiveCfg = Release|Any CPU
		{DA31F67F-E237-48D5-B1E9-FED48896862B}.Ad-Hoc|x86.Build.0 = Release|Any CPU
		{DA31F67F-E237-48D5-B1E9-FED48896862B}.Ad-Hoc|x86.Deploy.0 = Release|Any CPU
		{DA31F67F-E237-48D5-B1E9-FED48896862B}.AppStore|Any CPU.ActiveCfg = Release|Any CPU
		{DA31F67F-E237-48D5-B1E9-FED48896862B}.AppStore|Any CPU.Build.0 = Release|Any CPU
		{DA31F67F-E237-48D5-B1E9-FED48896862B}.AppStore|Any CPU.Deploy.0 = Release|Any CPU
		{DA31F67F-E237-48D5-B1E9-FED48896862B}.AppStore|ARM.ActiveCfg = Release|Any CPU
		{DA31F67F-E237-48D5-B1E9-FED48896862B}.AppStore|ARM.Build.0 = Release|Any CPU
		{DA31F67F-E237-48D5-B1E9-FED48896862B}.AppStore|ARM.Deploy.0 = Release|Any CPU
		{DA31F67F-E237-48D5-B1E9-FED48896862B}.AppStore|iPhone.ActiveCfg = Release|Any CPU
		{DA31F67F-E237-48D5-B1E9-FED48896862B}.AppStore|iPhone.Build.0 = Release|Any CPU
		{DA31F67F-E237-48D5-B1E9-FED48896862B}.AppStore|iPhone.Deploy.0 = Release|Any CPU
		{DA31F67F-E237-48D5-B1E9-FED48896862B}.AppStore|iPhoneSimulator.ActiveCfg = Release|Any CPU
		{DA31F67F-E237-48D5-B1E9-FED48896862B}.AppStore|iPhoneSimulator.Build.0 = Release|Any CPU
		{DA31F67F-E237-48D5-B1E9-FED48896862B}.AppStore|iPhoneSimulator.Deploy.0 = Release|Any CPU
		{DA31F67F-E237-48D5-B1E9-FED48896862B}.AppStore|x64.ActiveCfg = Release|Any CPU
		{DA31F67F-E237-48D5-B1E9-FED48896862B}.AppStore|x64.Build.0 = Release|Any CPU
		{DA31F67F-E237-48D5-B1E9-FED48896862B}.AppStore|x64.Deploy.0 = Release|Any CPU
		{DA31F67F-E237-48D5-B1E9-FED48896862B}.AppStore|x86.ActiveCfg = Release|Any CPU
		{DA31F67F-E237-48D5-B1E9-FED48896862B}.AppStore|x86.Build.0 = Release|Any CPU
		{DA31F67F-E237-48D5-B1E9-FED48896862B}.AppStore|x86.Deploy.0 = Release|Any CPU
		{DA31F67F-E237-48D5-B1E9-FED48896862B}.Debug|Any CPU.ActiveCfg = Debug|Any CPU
		{DA31F67F-E237-48D5-B1E9-FED48896862B}.Debug|Any CPU.Build.0 = Debug|Any CPU
		{DA31F67F-E237-48D5-B1E9-FED48896862B}.Debug|Any CPU.Deploy.0 = Debug|Any CPU
		{DA31F67F-E237-48D5-B1E9-FED48896862B}.Debug|ARM.ActiveCfg = Debug|Any CPU
		{DA31F67F-E237-48D5-B1E9-FED48896862B}.Debug|ARM.Build.0 = Debug|Any CPU
		{DA31F67F-E237-48D5-B1E9-FED48896862B}.Debug|ARM.Deploy.0 = Debug|Any CPU
		{DA31F67F-E237-48D5-B1E9-FED48896862B}.Debug|iPhone.ActiveCfg = Debug|Any CPU
		{DA31F67F-E237-48D5-B1E9-FED48896862B}.Debug|iPhone.Build.0 = Debug|Any CPU
		{DA31F67F-E237-48D5-B1E9-FED48896862B}.Debug|iPhone.Deploy.0 = Debug|Any CPU
		{DA31F67F-E237-48D5-B1E9-FED48896862B}.Debug|iPhoneSimulator.ActiveCfg = Debug|Any CPU
		{DA31F67F-E237-48D5-B1E9-FED48896862B}.Debug|iPhoneSimulator.Build.0 = Debug|Any CPU
		{DA31F67F-E237-48D5-B1E9-FED48896862B}.Debug|iPhoneSimulator.Deploy.0 = Debug|Any CPU
		{DA31F67F-E237-48D5-B1E9-FED48896862B}.Debug|x64.ActiveCfg = Debug|Any CPU
		{DA31F67F-E237-48D5-B1E9-FED48896862B}.Debug|x64.Build.0 = Debug|Any CPU
		{DA31F67F-E237-48D5-B1E9-FED48896862B}.Debug|x64.Deploy.0 = Debug|Any CPU
		{DA31F67F-E237-48D5-B1E9-FED48896862B}.Debug|x86.ActiveCfg = Debug|Any CPU
		{DA31F67F-E237-48D5-B1E9-FED48896862B}.Debug|x86.Build.0 = Debug|Any CPU
		{DA31F67F-E237-48D5-B1E9-FED48896862B}.Debug|x86.Deploy.0 = Debug|Any CPU
		{DA31F67F-E237-48D5-B1E9-FED48896862B}.Release|Any CPU.ActiveCfg = Release|Any CPU
		{DA31F67F-E237-48D5-B1E9-FED48896862B}.Release|Any CPU.Build.0 = Release|Any CPU
		{DA31F67F-E237-48D5-B1E9-FED48896862B}.Release|Any CPU.Deploy.0 = Release|Any CPU
		{DA31F67F-E237-48D5-B1E9-FED48896862B}.Release|ARM.ActiveCfg = Release|Any CPU
		{DA31F67F-E237-48D5-B1E9-FED48896862B}.Release|ARM.Build.0 = Release|Any CPU
		{DA31F67F-E237-48D5-B1E9-FED48896862B}.Release|ARM.Deploy.0 = Release|Any CPU
		{DA31F67F-E237-48D5-B1E9-FED48896862B}.Release|iPhone.ActiveCfg = Release|Any CPU
		{DA31F67F-E237-48D5-B1E9-FED48896862B}.Release|iPhone.Build.0 = Release|Any CPU
		{DA31F67F-E237-48D5-B1E9-FED48896862B}.Release|iPhone.Deploy.0 = Release|Any CPU
		{DA31F67F-E237-48D5-B1E9-FED48896862B}.Release|iPhoneSimulator.ActiveCfg = Release|Any CPU
		{DA31F67F-E237-48D5-B1E9-FED48896862B}.Release|iPhoneSimulator.Build.0 = Release|Any CPU
		{DA31F67F-E237-48D5-B1E9-FED48896862B}.Release|iPhoneSimulator.Deploy.0 = Release|Any CPU
		{DA31F67F-E237-48D5-B1E9-FED48896862B}.Release|x64.ActiveCfg = Release|Any CPU
		{DA31F67F-E237-48D5-B1E9-FED48896862B}.Release|x64.Build.0 = Release|Any CPU
		{DA31F67F-E237-48D5-B1E9-FED48896862B}.Release|x64.Deploy.0 = Release|Any CPU
		{DA31F67F-E237-48D5-B1E9-FED48896862B}.Release|x86.ActiveCfg = Release|Any CPU
		{DA31F67F-E237-48D5-B1E9-FED48896862B}.Release|x86.Build.0 = Release|Any CPU
		{DA31F67F-E237-48D5-B1E9-FED48896862B}.Release|x86.Deploy.0 = Release|Any CPU
		{E813CE0A-1663-4975-8DFE-CBEEB1A238F6}.Ad-Hoc|Any CPU.ActiveCfg = Ad-Hoc|iPhone
		{E813CE0A-1663-4975-8DFE-CBEEB1A238F6}.Ad-Hoc|Any CPU.Build.0 = Ad-Hoc|iPhone
		{E813CE0A-1663-4975-8DFE-CBEEB1A238F6}.Ad-Hoc|Any CPU.Deploy.0 = Ad-Hoc|iPhone
		{E813CE0A-1663-4975-8DFE-CBEEB1A238F6}.Ad-Hoc|ARM.ActiveCfg = Ad-Hoc|iPhone
		{E813CE0A-1663-4975-8DFE-CBEEB1A238F6}.Ad-Hoc|ARM.Build.0 = Ad-Hoc|iPhone
		{E813CE0A-1663-4975-8DFE-CBEEB1A238F6}.Ad-Hoc|ARM.Deploy.0 = Ad-Hoc|iPhone
		{E813CE0A-1663-4975-8DFE-CBEEB1A238F6}.Ad-Hoc|iPhone.ActiveCfg = Ad-Hoc|iPhone
		{E813CE0A-1663-4975-8DFE-CBEEB1A238F6}.Ad-Hoc|iPhone.Build.0 = Ad-Hoc|iPhone
		{E813CE0A-1663-4975-8DFE-CBEEB1A238F6}.Ad-Hoc|iPhone.Deploy.0 = Ad-Hoc|iPhone
		{E813CE0A-1663-4975-8DFE-CBEEB1A238F6}.Ad-Hoc|iPhoneSimulator.ActiveCfg = Ad-Hoc|iPhoneSimulator
		{E813CE0A-1663-4975-8DFE-CBEEB1A238F6}.Ad-Hoc|iPhoneSimulator.Build.0 = Ad-Hoc|iPhoneSimulator
		{E813CE0A-1663-4975-8DFE-CBEEB1A238F6}.Ad-Hoc|iPhoneSimulator.Deploy.0 = Ad-Hoc|iPhoneSimulator
		{E813CE0A-1663-4975-8DFE-CBEEB1A238F6}.Ad-Hoc|x64.ActiveCfg = Ad-Hoc|iPhone
		{E813CE0A-1663-4975-8DFE-CBEEB1A238F6}.Ad-Hoc|x64.Build.0 = Ad-Hoc|iPhone
		{E813CE0A-1663-4975-8DFE-CBEEB1A238F6}.Ad-Hoc|x64.Deploy.0 = Ad-Hoc|iPhone
		{E813CE0A-1663-4975-8DFE-CBEEB1A238F6}.Ad-Hoc|x86.ActiveCfg = Ad-Hoc|iPhone
		{E813CE0A-1663-4975-8DFE-CBEEB1A238F6}.Ad-Hoc|x86.Build.0 = Ad-Hoc|iPhone
		{E813CE0A-1663-4975-8DFE-CBEEB1A238F6}.Ad-Hoc|x86.Deploy.0 = Ad-Hoc|iPhone
		{E813CE0A-1663-4975-8DFE-CBEEB1A238F6}.AppStore|Any CPU.ActiveCfg = AppStore|iPhone
		{E813CE0A-1663-4975-8DFE-CBEEB1A238F6}.AppStore|Any CPU.Build.0 = AppStore|iPhone
		{E813CE0A-1663-4975-8DFE-CBEEB1A238F6}.AppStore|Any CPU.Deploy.0 = AppStore|iPhone
		{E813CE0A-1663-4975-8DFE-CBEEB1A238F6}.AppStore|ARM.ActiveCfg = AppStore|iPhone
		{E813CE0A-1663-4975-8DFE-CBEEB1A238F6}.AppStore|ARM.Build.0 = AppStore|iPhone
		{E813CE0A-1663-4975-8DFE-CBEEB1A238F6}.AppStore|ARM.Deploy.0 = AppStore|iPhone
		{E813CE0A-1663-4975-8DFE-CBEEB1A238F6}.AppStore|iPhone.ActiveCfg = AppStore|iPhone
		{E813CE0A-1663-4975-8DFE-CBEEB1A238F6}.AppStore|iPhone.Build.0 = AppStore|iPhone
		{E813CE0A-1663-4975-8DFE-CBEEB1A238F6}.AppStore|iPhone.Deploy.0 = AppStore|iPhone
		{E813CE0A-1663-4975-8DFE-CBEEB1A238F6}.AppStore|iPhoneSimulator.ActiveCfg = AppStore|iPhoneSimulator
		{E813CE0A-1663-4975-8DFE-CBEEB1A238F6}.AppStore|iPhoneSimulator.Build.0 = AppStore|iPhoneSimulator
		{E813CE0A-1663-4975-8DFE-CBEEB1A238F6}.AppStore|iPhoneSimulator.Deploy.0 = AppStore|iPhoneSimulator
		{E813CE0A-1663-4975-8DFE-CBEEB1A238F6}.AppStore|x64.ActiveCfg = AppStore|iPhone
		{E813CE0A-1663-4975-8DFE-CBEEB1A238F6}.AppStore|x64.Build.0 = AppStore|iPhone
		{E813CE0A-1663-4975-8DFE-CBEEB1A238F6}.AppStore|x64.Deploy.0 = AppStore|iPhone
		{E813CE0A-1663-4975-8DFE-CBEEB1A238F6}.AppStore|x86.ActiveCfg = AppStore|iPhone
		{E813CE0A-1663-4975-8DFE-CBEEB1A238F6}.AppStore|x86.Build.0 = AppStore|iPhone
		{E813CE0A-1663-4975-8DFE-CBEEB1A238F6}.AppStore|x86.Deploy.0 = AppStore|iPhone
		{E813CE0A-1663-4975-8DFE-CBEEB1A238F6}.Debug|Any CPU.ActiveCfg = Debug|iPhoneSimulator
		{E813CE0A-1663-4975-8DFE-CBEEB1A238F6}.Debug|Any CPU.Build.0 = Debug|iPhoneSimulator
		{E813CE0A-1663-4975-8DFE-CBEEB1A238F6}.Debug|Any CPU.Deploy.0 = Debug|iPhoneSimulator
		{E813CE0A-1663-4975-8DFE-CBEEB1A238F6}.Debug|ARM.ActiveCfg = Debug|iPhone
		{E813CE0A-1663-4975-8DFE-CBEEB1A238F6}.Debug|ARM.Build.0 = Debug|iPhone
		{E813CE0A-1663-4975-8DFE-CBEEB1A238F6}.Debug|ARM.Deploy.0 = Debug|iPhone
		{E813CE0A-1663-4975-8DFE-CBEEB1A238F6}.Debug|iPhone.ActiveCfg = Debug|iPhone
		{E813CE0A-1663-4975-8DFE-CBEEB1A238F6}.Debug|iPhone.Build.0 = Debug|iPhone
		{E813CE0A-1663-4975-8DFE-CBEEB1A238F6}.Debug|iPhone.Deploy.0 = Debug|iPhone
		{E813CE0A-1663-4975-8DFE-CBEEB1A238F6}.Debug|iPhoneSimulator.ActiveCfg = Debug|iPhoneSimulator
		{E813CE0A-1663-4975-8DFE-CBEEB1A238F6}.Debug|iPhoneSimulator.Build.0 = Debug|iPhoneSimulator
		{E813CE0A-1663-4975-8DFE-CBEEB1A238F6}.Debug|iPhoneSimulator.Deploy.0 = Debug|iPhoneSimulator
		{E813CE0A-1663-4975-8DFE-CBEEB1A238F6}.Debug|x64.ActiveCfg = Debug|iPhone
		{E813CE0A-1663-4975-8DFE-CBEEB1A238F6}.Debug|x64.Build.0 = Debug|iPhone
		{E813CE0A-1663-4975-8DFE-CBEEB1A238F6}.Debug|x64.Deploy.0 = Debug|iPhone
		{E813CE0A-1663-4975-8DFE-CBEEB1A238F6}.Debug|x86.ActiveCfg = Debug|iPhone
		{E813CE0A-1663-4975-8DFE-CBEEB1A238F6}.Debug|x86.Build.0 = Debug|iPhone
		{E813CE0A-1663-4975-8DFE-CBEEB1A238F6}.Debug|x86.Deploy.0 = Debug|iPhone
		{E813CE0A-1663-4975-8DFE-CBEEB1A238F6}.Release|Any CPU.ActiveCfg = Release|iPhone
		{E813CE0A-1663-4975-8DFE-CBEEB1A238F6}.Release|Any CPU.Build.0 = Release|iPhone
		{E813CE0A-1663-4975-8DFE-CBEEB1A238F6}.Release|Any CPU.Deploy.0 = Release|iPhone
		{E813CE0A-1663-4975-8DFE-CBEEB1A238F6}.Release|ARM.ActiveCfg = Release|iPhone
		{E813CE0A-1663-4975-8DFE-CBEEB1A238F6}.Release|ARM.Build.0 = Release|iPhone
		{E813CE0A-1663-4975-8DFE-CBEEB1A238F6}.Release|ARM.Deploy.0 = Release|iPhone
		{E813CE0A-1663-4975-8DFE-CBEEB1A238F6}.Release|iPhone.ActiveCfg = Release|iPhone
		{E813CE0A-1663-4975-8DFE-CBEEB1A238F6}.Release|iPhone.Build.0 = Release|iPhone
		{E813CE0A-1663-4975-8DFE-CBEEB1A238F6}.Release|iPhone.Deploy.0 = Release|iPhone
		{E813CE0A-1663-4975-8DFE-CBEEB1A238F6}.Release|iPhoneSimulator.ActiveCfg = Release|iPhoneSimulator
		{E813CE0A-1663-4975-8DFE-CBEEB1A238F6}.Release|iPhoneSimulator.Build.0 = Release|iPhoneSimulator
		{E813CE0A-1663-4975-8DFE-CBEEB1A238F6}.Release|iPhoneSimulator.Deploy.0 = Release|iPhoneSimulator
		{E813CE0A-1663-4975-8DFE-CBEEB1A238F6}.Release|x64.ActiveCfg = Release|iPhone
		{E813CE0A-1663-4975-8DFE-CBEEB1A238F6}.Release|x64.Build.0 = Release|iPhone
		{E813CE0A-1663-4975-8DFE-CBEEB1A238F6}.Release|x64.Deploy.0 = Release|iPhone
		{E813CE0A-1663-4975-8DFE-CBEEB1A238F6}.Release|x86.ActiveCfg = Release|iPhone
		{E813CE0A-1663-4975-8DFE-CBEEB1A238F6}.Release|x86.Build.0 = Release|iPhone
		{E813CE0A-1663-4975-8DFE-CBEEB1A238F6}.Release|x86.Deploy.0 = Release|iPhone
		{3E6B698C-B800-4E3C-99F6-E748EA5FFC66}.Ad-Hoc|Any CPU.ActiveCfg = Release|x86
		{3E6B698C-B800-4E3C-99F6-E748EA5FFC66}.Ad-Hoc|Any CPU.Build.0 = Release|x86
		{3E6B698C-B800-4E3C-99F6-E748EA5FFC66}.Ad-Hoc|Any CPU.Deploy.0 = Release|x86
		{3E6B698C-B800-4E3C-99F6-E748EA5FFC66}.Ad-Hoc|ARM.ActiveCfg = Release|ARM
		{3E6B698C-B800-4E3C-99F6-E748EA5FFC66}.Ad-Hoc|ARM.Build.0 = Release|ARM
		{3E6B698C-B800-4E3C-99F6-E748EA5FFC66}.Ad-Hoc|ARM.Deploy.0 = Release|ARM
		{3E6B698C-B800-4E3C-99F6-E748EA5FFC66}.Ad-Hoc|iPhone.ActiveCfg = Release|x86
		{3E6B698C-B800-4E3C-99F6-E748EA5FFC66}.Ad-Hoc|iPhone.Build.0 = Release|x86
		{3E6B698C-B800-4E3C-99F6-E748EA5FFC66}.Ad-Hoc|iPhone.Deploy.0 = Release|x86
		{3E6B698C-B800-4E3C-99F6-E748EA5FFC66}.Ad-Hoc|iPhoneSimulator.ActiveCfg = Release|x86
		{3E6B698C-B800-4E3C-99F6-E748EA5FFC66}.Ad-Hoc|iPhoneSimulator.Build.0 = Release|x86
		{3E6B698C-B800-4E3C-99F6-E748EA5FFC66}.Ad-Hoc|iPhoneSimulator.Deploy.0 = Release|x86
		{3E6B698C-B800-4E3C-99F6-E748EA5FFC66}.Ad-Hoc|x64.ActiveCfg = Release|x64
		{3E6B698C-B800-4E3C-99F6-E748EA5FFC66}.Ad-Hoc|x64.Build.0 = Release|x64
		{3E6B698C-B800-4E3C-99F6-E748EA5FFC66}.Ad-Hoc|x64.Deploy.0 = Release|x64
		{3E6B698C-B800-4E3C-99F6-E748EA5FFC66}.Ad-Hoc|x86.ActiveCfg = Release|x86
		{3E6B698C-B800-4E3C-99F6-E748EA5FFC66}.Ad-Hoc|x86.Build.0 = Release|x86
		{3E6B698C-B800-4E3C-99F6-E748EA5FFC66}.Ad-Hoc|x86.Deploy.0 = Release|x86
		{3E6B698C-B800-4E3C-99F6-E748EA5FFC66}.AppStore|Any CPU.ActiveCfg = Release|x86
		{3E6B698C-B800-4E3C-99F6-E748EA5FFC66}.AppStore|Any CPU.Build.0 = Release|x86
		{3E6B698C-B800-4E3C-99F6-E748EA5FFC66}.AppStore|Any CPU.Deploy.0 = Release|x86
		{3E6B698C-B800-4E3C-99F6-E748EA5FFC66}.AppStore|ARM.ActiveCfg = Release|ARM
		{3E6B698C-B800-4E3C-99F6-E748EA5FFC66}.AppStore|ARM.Build.0 = Release|ARM
		{3E6B698C-B800-4E3C-99F6-E748EA5FFC66}.AppStore|ARM.Deploy.0 = Release|ARM
		{3E6B698C-B800-4E3C-99F6-E748EA5FFC66}.AppStore|iPhone.ActiveCfg = Release|x86
		{3E6B698C-B800-4E3C-99F6-E748EA5FFC66}.AppStore|iPhone.Build.0 = Release|x86
		{3E6B698C-B800-4E3C-99F6-E748EA5FFC66}.AppStore|iPhone.Deploy.0 = Release|x86
		{3E6B698C-B800-4E3C-99F6-E748EA5FFC66}.AppStore|iPhoneSimulator.ActiveCfg = Release|x86
		{3E6B698C-B800-4E3C-99F6-E748EA5FFC66}.AppStore|iPhoneSimulator.Build.0 = Release|x86
		{3E6B698C-B800-4E3C-99F6-E748EA5FFC66}.AppStore|iPhoneSimulator.Deploy.0 = Release|x86
		{3E6B698C-B800-4E3C-99F6-E748EA5FFC66}.AppStore|x64.ActiveCfg = Release|x64
		{3E6B698C-B800-4E3C-99F6-E748EA5FFC66}.AppStore|x64.Build.0 = Release|x64
		{3E6B698C-B800-4E3C-99F6-E748EA5FFC66}.AppStore|x64.Deploy.0 = Release|x64
		{3E6B698C-B800-4E3C-99F6-E748EA5FFC66}.AppStore|x86.ActiveCfg = Release|x86
		{3E6B698C-B800-4E3C-99F6-E748EA5FFC66}.AppStore|x86.Build.0 = Release|x86
		{3E6B698C-B800-4E3C-99F6-E748EA5FFC66}.AppStore|x86.Deploy.0 = Release|x86
		{3E6B698C-B800-4E3C-99F6-E748EA5FFC66}.Debug|Any CPU.ActiveCfg = Debug|x86
		{3E6B698C-B800-4E3C-99F6-E748EA5FFC66}.Debug|Any CPU.Build.0 = Debug|x86
		{3E6B698C-B800-4E3C-99F6-E748EA5FFC66}.Debug|Any CPU.Deploy.0 = Debug|x86
		{3E6B698C-B800-4E3C-99F6-E748EA5FFC66}.Debug|ARM.ActiveCfg = Debug|ARM
		{3E6B698C-B800-4E3C-99F6-E748EA5FFC66}.Debug|ARM.Build.0 = Debug|ARM
		{3E6B698C-B800-4E3C-99F6-E748EA5FFC66}.Debug|ARM.Deploy.0 = Debug|ARM
		{3E6B698C-B800-4E3C-99F6-E748EA5FFC66}.Debug|iPhone.ActiveCfg = Debug|x86
		{3E6B698C-B800-4E3C-99F6-E748EA5FFC66}.Debug|iPhone.Build.0 = Debug|x86
		{3E6B698C-B800-4E3C-99F6-E748EA5FFC66}.Debug|iPhone.Deploy.0 = Debug|x86
		{3E6B698C-B800-4E3C-99F6-E748EA5FFC66}.Debug|iPhoneSimulator.ActiveCfg = Debug|x86
		{3E6B698C-B800-4E3C-99F6-E748EA5FFC66}.Debug|iPhoneSimulator.Build.0 = Debug|x86
		{3E6B698C-B800-4E3C-99F6-E748EA5FFC66}.Debug|iPhoneSimulator.Deploy.0 = Debug|x86
		{3E6B698C-B800-4E3C-99F6-E748EA5FFC66}.Debug|x64.ActiveCfg = Debug|x64
		{3E6B698C-B800-4E3C-99F6-E748EA5FFC66}.Debug|x64.Build.0 = Debug|x64
		{3E6B698C-B800-4E3C-99F6-E748EA5FFC66}.Debug|x64.Deploy.0 = Debug|x64
		{3E6B698C-B800-4E3C-99F6-E748EA5FFC66}.Debug|x86.ActiveCfg = Debug|x86
		{3E6B698C-B800-4E3C-99F6-E748EA5FFC66}.Debug|x86.Build.0 = Debug|x86
		{3E6B698C-B800-4E3C-99F6-E748EA5FFC66}.Debug|x86.Deploy.0 = Debug|x86
		{3E6B698C-B800-4E3C-99F6-E748EA5FFC66}.Release|Any CPU.ActiveCfg = Release|x86
		{3E6B698C-B800-4E3C-99F6-E748EA5FFC66}.Release|Any CPU.Build.0 = Release|x86
		{3E6B698C-B800-4E3C-99F6-E748EA5FFC66}.Release|Any CPU.Deploy.0 = Release|x86
		{3E6B698C-B800-4E3C-99F6-E748EA5FFC66}.Release|ARM.ActiveCfg = Release|ARM
		{3E6B698C-B800-4E3C-99F6-E748EA5FFC66}.Release|ARM.Build.0 = Release|ARM
		{3E6B698C-B800-4E3C-99F6-E748EA5FFC66}.Release|ARM.Deploy.0 = Release|ARM
		{3E6B698C-B800-4E3C-99F6-E748EA5FFC66}.Release|iPhone.ActiveCfg = Release|x86
		{3E6B698C-B800-4E3C-99F6-E748EA5FFC66}.Release|iPhone.Build.0 = Release|x86
		{3E6B698C-B800-4E3C-99F6-E748EA5FFC66}.Release|iPhone.Deploy.0 = Release|x86
		{3E6B698C-B800-4E3C-99F6-E748EA5FFC66}.Release|iPhoneSimulator.ActiveCfg = Release|x86
		{3E6B698C-B800-4E3C-99F6-E748EA5FFC66}.Release|iPhoneSimulator.Build.0 = Release|x86
		{3E6B698C-B800-4E3C-99F6-E748EA5FFC66}.Release|iPhoneSimulator.Deploy.0 = Release|x86
		{3E6B698C-B800-4E3C-99F6-E748EA5FFC66}.Release|x64.ActiveCfg = Release|x64
		{3E6B698C-B800-4E3C-99F6-E748EA5FFC66}.Release|x64.Build.0 = Release|x64
		{3E6B698C-B800-4E3C-99F6-E748EA5FFC66}.Release|x64.Deploy.0 = Release|x64
		{3E6B698C-B800-4E3C-99F6-E748EA5FFC66}.Release|x86.ActiveCfg = Release|x86
		{3E6B698C-B800-4E3C-99F6-E748EA5FFC66}.Release|x86.Build.0 = Release|x86
		{3E6B698C-B800-4E3C-99F6-E748EA5FFC66}.Release|x86.Deploy.0 = Release|x86
		{98783671-D40D-4125-AC9F-1B03E55C7EF8}.Ad-Hoc|Any CPU.ActiveCfg = Debug|Any CPU
		{98783671-D40D-4125-AC9F-1B03E55C7EF8}.Ad-Hoc|Any CPU.Build.0 = Debug|Any CPU
		{98783671-D40D-4125-AC9F-1B03E55C7EF8}.Ad-Hoc|Any CPU.Deploy.0 = Debug|Any CPU
		{98783671-D40D-4125-AC9F-1B03E55C7EF8}.Ad-Hoc|ARM.ActiveCfg = Debug|Any CPU
		{98783671-D40D-4125-AC9F-1B03E55C7EF8}.Ad-Hoc|ARM.Build.0 = Debug|Any CPU
		{98783671-D40D-4125-AC9F-1B03E55C7EF8}.Ad-Hoc|ARM.Deploy.0 = Debug|Any CPU
		{98783671-D40D-4125-AC9F-1B03E55C7EF8}.Ad-Hoc|iPhone.ActiveCfg = Debug|Any CPU
		{98783671-D40D-4125-AC9F-1B03E55C7EF8}.Ad-Hoc|iPhone.Build.0 = Debug|Any CPU
		{98783671-D40D-4125-AC9F-1B03E55C7EF8}.Ad-Hoc|iPhone.Deploy.0 = Debug|Any CPU
		{98783671-D40D-4125-AC9F-1B03E55C7EF8}.Ad-Hoc|iPhoneSimulator.ActiveCfg = Debug|Any CPU
		{98783671-D40D-4125-AC9F-1B03E55C7EF8}.Ad-Hoc|iPhoneSimulator.Build.0 = Debug|Any CPU
		{98783671-D40D-4125-AC9F-1B03E55C7EF8}.Ad-Hoc|iPhoneSimulator.Deploy.0 = Debug|Any CPU
		{98783671-D40D-4125-AC9F-1B03E55C7EF8}.Ad-Hoc|x64.ActiveCfg = Debug|Any CPU
		{98783671-D40D-4125-AC9F-1B03E55C7EF8}.Ad-Hoc|x64.Build.0 = Debug|Any CPU
		{98783671-D40D-4125-AC9F-1B03E55C7EF8}.Ad-Hoc|x64.Deploy.0 = Debug|Any CPU
		{98783671-D40D-4125-AC9F-1B03E55C7EF8}.Ad-Hoc|x86.ActiveCfg = Debug|Any CPU
		{98783671-D40D-4125-AC9F-1B03E55C7EF8}.Ad-Hoc|x86.Build.0 = Debug|Any CPU
		{98783671-D40D-4125-AC9F-1B03E55C7EF8}.Ad-Hoc|x86.Deploy.0 = Debug|Any CPU
		{98783671-D40D-4125-AC9F-1B03E55C7EF8}.AppStore|Any CPU.ActiveCfg = Debug|Any CPU
		{98783671-D40D-4125-AC9F-1B03E55C7EF8}.AppStore|Any CPU.Build.0 = Debug|Any CPU
		{98783671-D40D-4125-AC9F-1B03E55C7EF8}.AppStore|Any CPU.Deploy.0 = Debug|Any CPU
		{98783671-D40D-4125-AC9F-1B03E55C7EF8}.AppStore|ARM.ActiveCfg = Debug|Any CPU
		{98783671-D40D-4125-AC9F-1B03E55C7EF8}.AppStore|ARM.Build.0 = Debug|Any CPU
		{98783671-D40D-4125-AC9F-1B03E55C7EF8}.AppStore|ARM.Deploy.0 = Debug|Any CPU
		{98783671-D40D-4125-AC9F-1B03E55C7EF8}.AppStore|iPhone.ActiveCfg = Debug|Any CPU
		{98783671-D40D-4125-AC9F-1B03E55C7EF8}.AppStore|iPhone.Build.0 = Debug|Any CPU
		{98783671-D40D-4125-AC9F-1B03E55C7EF8}.AppStore|iPhone.Deploy.0 = Debug|Any CPU
		{98783671-D40D-4125-AC9F-1B03E55C7EF8}.AppStore|iPhoneSimulator.ActiveCfg = Debug|Any CPU
		{98783671-D40D-4125-AC9F-1B03E55C7EF8}.AppStore|iPhoneSimulator.Build.0 = Debug|Any CPU
		{98783671-D40D-4125-AC9F-1B03E55C7EF8}.AppStore|iPhoneSimulator.Deploy.0 = Debug|Any CPU
		{98783671-D40D-4125-AC9F-1B03E55C7EF8}.AppStore|x64.ActiveCfg = Debug|Any CPU
		{98783671-D40D-4125-AC9F-1B03E55C7EF8}.AppStore|x64.Build.0 = Debug|Any CPU
		{98783671-D40D-4125-AC9F-1B03E55C7EF8}.AppStore|x64.Deploy.0 = Debug|Any CPU
		{98783671-D40D-4125-AC9F-1B03E55C7EF8}.AppStore|x86.ActiveCfg = Debug|Any CPU
		{98783671-D40D-4125-AC9F-1B03E55C7EF8}.AppStore|x86.Build.0 = Debug|Any CPU
		{98783671-D40D-4125-AC9F-1B03E55C7EF8}.AppStore|x86.Deploy.0 = Debug|Any CPU
		{98783671-D40D-4125-AC9F-1B03E55C7EF8}.Debug|Any CPU.ActiveCfg = Debug|Any CPU
		{98783671-D40D-4125-AC9F-1B03E55C7EF8}.Debug|Any CPU.Build.0 = Debug|Any CPU
		{98783671-D40D-4125-AC9F-1B03E55C7EF8}.Debug|Any CPU.Deploy.0 = Debug|Any CPU
		{98783671-D40D-4125-AC9F-1B03E55C7EF8}.Debug|ARM.ActiveCfg = Debug|Any CPU
		{98783671-D40D-4125-AC9F-1B03E55C7EF8}.Debug|ARM.Build.0 = Debug|Any CPU
		{98783671-D40D-4125-AC9F-1B03E55C7EF8}.Debug|ARM.Deploy.0 = Debug|Any CPU
		{98783671-D40D-4125-AC9F-1B03E55C7EF8}.Debug|iPhone.ActiveCfg = Debug|Any CPU
		{98783671-D40D-4125-AC9F-1B03E55C7EF8}.Debug|iPhone.Build.0 = Debug|Any CPU
		{98783671-D40D-4125-AC9F-1B03E55C7EF8}.Debug|iPhone.Deploy.0 = Debug|Any CPU
		{98783671-D40D-4125-AC9F-1B03E55C7EF8}.Debug|iPhoneSimulator.ActiveCfg = Debug|Any CPU
		{98783671-D40D-4125-AC9F-1B03E55C7EF8}.Debug|iPhoneSimulator.Build.0 = Debug|Any CPU
		{98783671-D40D-4125-AC9F-1B03E55C7EF8}.Debug|iPhoneSimulator.Deploy.0 = Debug|Any CPU
		{98783671-D40D-4125-AC9F-1B03E55C7EF8}.Debug|x64.ActiveCfg = Debug|Any CPU
		{98783671-D40D-4125-AC9F-1B03E55C7EF8}.Debug|x64.Build.0 = Debug|Any CPU
		{98783671-D40D-4125-AC9F-1B03E55C7EF8}.Debug|x64.Deploy.0 = Debug|Any CPU
		{98783671-D40D-4125-AC9F-1B03E55C7EF8}.Debug|x86.ActiveCfg = Debug|Any CPU
		{98783671-D40D-4125-AC9F-1B03E55C7EF8}.Debug|x86.Build.0 = Debug|Any CPU
		{98783671-D40D-4125-AC9F-1B03E55C7EF8}.Debug|x86.Deploy.0 = Debug|Any CPU
		{98783671-D40D-4125-AC9F-1B03E55C7EF8}.Release|Any CPU.ActiveCfg = Release|Any CPU
		{98783671-D40D-4125-AC9F-1B03E55C7EF8}.Release|Any CPU.Build.0 = Release|Any CPU
		{98783671-D40D-4125-AC9F-1B03E55C7EF8}.Release|Any CPU.Deploy.0 = Release|Any CPU
		{98783671-D40D-4125-AC9F-1B03E55C7EF8}.Release|ARM.ActiveCfg = Release|Any CPU
		{98783671-D40D-4125-AC9F-1B03E55C7EF8}.Release|ARM.Build.0 = Release|Any CPU
		{98783671-D40D-4125-AC9F-1B03E55C7EF8}.Release|ARM.Deploy.0 = Release|Any CPU
		{98783671-D40D-4125-AC9F-1B03E55C7EF8}.Release|iPhone.ActiveCfg = Release|Any CPU
		{98783671-D40D-4125-AC9F-1B03E55C7EF8}.Release|iPhone.Build.0 = Release|Any CPU
		{98783671-D40D-4125-AC9F-1B03E55C7EF8}.Release|iPhone.Deploy.0 = Release|Any CPU
		{98783671-D40D-4125-AC9F-1B03E55C7EF8}.Release|iPhoneSimulator.ActiveCfg = Release|Any CPU
		{98783671-D40D-4125-AC9F-1B03E55C7EF8}.Release|iPhoneSimulator.Build.0 = Release|Any CPU
		{98783671-D40D-4125-AC9F-1B03E55C7EF8}.Release|iPhoneSimulator.Deploy.0 = Release|Any CPU
		{98783671-D40D-4125-AC9F-1B03E55C7EF8}.Release|x64.ActiveCfg = Release|Any CPU
		{98783671-D40D-4125-AC9F-1B03E55C7EF8}.Release|x64.Build.0 = Release|Any CPU
		{98783671-D40D-4125-AC9F-1B03E55C7EF8}.Release|x64.Deploy.0 = Release|Any CPU
		{98783671-D40D-4125-AC9F-1B03E55C7EF8}.Release|x86.ActiveCfg = Release|Any CPU
		{98783671-D40D-4125-AC9F-1B03E55C7EF8}.Release|x86.Build.0 = Release|Any CPU
		{98783671-D40D-4125-AC9F-1B03E55C7EF8}.Release|x86.Deploy.0 = Release|Any CPU
		{3C4CE852-0C4B-44D6-9A7C-DC5382227F08}.Ad-Hoc|Any CPU.ActiveCfg = Release|Any CPU
		{3C4CE852-0C4B-44D6-9A7C-DC5382227F08}.Ad-Hoc|Any CPU.Build.0 = Release|Any CPU
		{3C4CE852-0C4B-44D6-9A7C-DC5382227F08}.Ad-Hoc|ARM.ActiveCfg = Release|Any CPU
		{3C4CE852-0C4B-44D6-9A7C-DC5382227F08}.Ad-Hoc|ARM.Build.0 = Release|Any CPU
		{3C4CE852-0C4B-44D6-9A7C-DC5382227F08}.Ad-Hoc|iPhone.ActiveCfg = Release|Any CPU
		{3C4CE852-0C4B-44D6-9A7C-DC5382227F08}.Ad-Hoc|iPhone.Build.0 = Release|Any CPU
		{3C4CE852-0C4B-44D6-9A7C-DC5382227F08}.Ad-Hoc|iPhoneSimulator.ActiveCfg = Release|Any CPU
		{3C4CE852-0C4B-44D6-9A7C-DC5382227F08}.Ad-Hoc|iPhoneSimulator.Build.0 = Release|Any CPU
		{3C4CE852-0C4B-44D6-9A7C-DC5382227F08}.Ad-Hoc|x64.ActiveCfg = Release|Any CPU
		{3C4CE852-0C4B-44D6-9A7C-DC5382227F08}.Ad-Hoc|x64.Build.0 = Release|Any CPU
		{3C4CE852-0C4B-44D6-9A7C-DC5382227F08}.Ad-Hoc|x86.ActiveCfg = Release|Any CPU
		{3C4CE852-0C4B-44D6-9A7C-DC5382227F08}.Ad-Hoc|x86.Build.0 = Release|Any CPU
		{3C4CE852-0C4B-44D6-9A7C-DC5382227F08}.AppStore|Any CPU.ActiveCfg = Release|Any CPU
		{3C4CE852-0C4B-44D6-9A7C-DC5382227F08}.AppStore|Any CPU.Build.0 = Release|Any CPU
		{3C4CE852-0C4B-44D6-9A7C-DC5382227F08}.AppStore|ARM.ActiveCfg = Release|Any CPU
		{3C4CE852-0C4B-44D6-9A7C-DC5382227F08}.AppStore|ARM.Build.0 = Release|Any CPU
		{3C4CE852-0C4B-44D6-9A7C-DC5382227F08}.AppStore|iPhone.ActiveCfg = Release|Any CPU
		{3C4CE852-0C4B-44D6-9A7C-DC5382227F08}.AppStore|iPhone.Build.0 = Release|Any CPU
		{3C4CE852-0C4B-44D6-9A7C-DC5382227F08}.AppStore|iPhoneSimulator.ActiveCfg = Release|Any CPU
		{3C4CE852-0C4B-44D6-9A7C-DC5382227F08}.AppStore|iPhoneSimulator.Build.0 = Release|Any CPU
		{3C4CE852-0C4B-44D6-9A7C-DC5382227F08}.AppStore|x64.ActiveCfg = Release|Any CPU
		{3C4CE852-0C4B-44D6-9A7C-DC5382227F08}.AppStore|x64.Build.0 = Release|Any CPU
		{3C4CE852-0C4B-44D6-9A7C-DC5382227F08}.AppStore|x86.ActiveCfg = Release|Any CPU
		{3C4CE852-0C4B-44D6-9A7C-DC5382227F08}.AppStore|x86.Build.0 = Release|Any CPU
		{3C4CE852-0C4B-44D6-9A7C-DC5382227F08}.Debug|Any CPU.ActiveCfg = Debug|Any CPU
		{3C4CE852-0C4B-44D6-9A7C-DC5382227F08}.Debug|Any CPU.Build.0 = Debug|Any CPU
		{3C4CE852-0C4B-44D6-9A7C-DC5382227F08}.Debug|ARM.ActiveCfg = Debug|Any CPU
		{3C4CE852-0C4B-44D6-9A7C-DC5382227F08}.Debug|ARM.Build.0 = Debug|Any CPU
		{3C4CE852-0C4B-44D6-9A7C-DC5382227F08}.Debug|iPhone.ActiveCfg = Debug|Any CPU
		{3C4CE852-0C4B-44D6-9A7C-DC5382227F08}.Debug|iPhone.Build.0 = Debug|Any CPU
		{3C4CE852-0C4B-44D6-9A7C-DC5382227F08}.Debug|iPhoneSimulator.ActiveCfg = Debug|Any CPU
		{3C4CE852-0C4B-44D6-9A7C-DC5382227F08}.Debug|iPhoneSimulator.Build.0 = Debug|Any CPU
		{3C4CE852-0C4B-44D6-9A7C-DC5382227F08}.Debug|x64.ActiveCfg = Debug|Any CPU
		{3C4CE852-0C4B-44D6-9A7C-DC5382227F08}.Debug|x64.Build.0 = Debug|Any CPU
		{3C4CE852-0C4B-44D6-9A7C-DC5382227F08}.Debug|x86.ActiveCfg = Debug|Any CPU
		{3C4CE852-0C4B-44D6-9A7C-DC5382227F08}.Debug|x86.Build.0 = Debug|Any CPU
		{3C4CE852-0C4B-44D6-9A7C-DC5382227F08}.Release|Any CPU.ActiveCfg = Release|Any CPU
		{3C4CE852-0C4B-44D6-9A7C-DC5382227F08}.Release|Any CPU.Build.0 = Release|Any CPU
		{3C4CE852-0C4B-44D6-9A7C-DC5382227F08}.Release|ARM.ActiveCfg = Release|Any CPU
		{3C4CE852-0C4B-44D6-9A7C-DC5382227F08}.Release|ARM.Build.0 = Release|Any CPU
		{3C4CE852-0C4B-44D6-9A7C-DC5382227F08}.Release|iPhone.ActiveCfg = Release|Any CPU
		{3C4CE852-0C4B-44D6-9A7C-DC5382227F08}.Release|iPhone.Build.0 = Release|Any CPU
		{3C4CE852-0C4B-44D6-9A7C-DC5382227F08}.Release|iPhoneSimulator.ActiveCfg = Release|Any CPU
		{3C4CE852-0C4B-44D6-9A7C-DC5382227F08}.Release|iPhoneSimulator.Build.0 = Release|Any CPU
		{3C4CE852-0C4B-44D6-9A7C-DC5382227F08}.Release|x64.ActiveCfg = Release|Any CPU
		{3C4CE852-0C4B-44D6-9A7C-DC5382227F08}.Release|x64.Build.0 = Release|Any CPU
		{3C4CE852-0C4B-44D6-9A7C-DC5382227F08}.Release|x86.ActiveCfg = Release|Any CPU
		{3C4CE852-0C4B-44D6-9A7C-DC5382227F08}.Release|x86.Build.0 = Release|Any CPU
		{1EDE4025-EB4A-4772-B78B-C0F108B87D5D}.Ad-Hoc|Any CPU.ActiveCfg = Release|Any CPU
		{1EDE4025-EB4A-4772-B78B-C0F108B87D5D}.Ad-Hoc|Any CPU.Build.0 = Release|Any CPU
		{1EDE4025-EB4A-4772-B78B-C0F108B87D5D}.Ad-Hoc|ARM.ActiveCfg = Release|Any CPU
		{1EDE4025-EB4A-4772-B78B-C0F108B87D5D}.Ad-Hoc|ARM.Build.0 = Release|Any CPU
		{1EDE4025-EB4A-4772-B78B-C0F108B87D5D}.Ad-Hoc|iPhone.ActiveCfg = Release|Any CPU
		{1EDE4025-EB4A-4772-B78B-C0F108B87D5D}.Ad-Hoc|iPhone.Build.0 = Release|Any CPU
		{1EDE4025-EB4A-4772-B78B-C0F108B87D5D}.Ad-Hoc|iPhoneSimulator.ActiveCfg = Release|Any CPU
		{1EDE4025-EB4A-4772-B78B-C0F108B87D5D}.Ad-Hoc|iPhoneSimulator.Build.0 = Release|Any CPU
		{1EDE4025-EB4A-4772-B78B-C0F108B87D5D}.Ad-Hoc|x64.ActiveCfg = Release|Any CPU
		{1EDE4025-EB4A-4772-B78B-C0F108B87D5D}.Ad-Hoc|x64.Build.0 = Release|Any CPU
		{1EDE4025-EB4A-4772-B78B-C0F108B87D5D}.Ad-Hoc|x86.ActiveCfg = Release|Any CPU
		{1EDE4025-EB4A-4772-B78B-C0F108B87D5D}.Ad-Hoc|x86.Build.0 = Release|Any CPU
		{1EDE4025-EB4A-4772-B78B-C0F108B87D5D}.AppStore|Any CPU.ActiveCfg = Release|Any CPU
		{1EDE4025-EB4A-4772-B78B-C0F108B87D5D}.AppStore|Any CPU.Build.0 = Release|Any CPU
		{1EDE4025-EB4A-4772-B78B-C0F108B87D5D}.AppStore|ARM.ActiveCfg = Release|Any CPU
		{1EDE4025-EB4A-4772-B78B-C0F108B87D5D}.AppStore|ARM.Build.0 = Release|Any CPU
		{1EDE4025-EB4A-4772-B78B-C0F108B87D5D}.AppStore|iPhone.ActiveCfg = Release|Any CPU
		{1EDE4025-EB4A-4772-B78B-C0F108B87D5D}.AppStore|iPhone.Build.0 = Release|Any CPU
		{1EDE4025-EB4A-4772-B78B-C0F108B87D5D}.AppStore|iPhoneSimulator.ActiveCfg = Release|Any CPU
		{1EDE4025-EB4A-4772-B78B-C0F108B87D5D}.AppStore|iPhoneSimulator.Build.0 = Release|Any CPU
		{1EDE4025-EB4A-4772-B78B-C0F108B87D5D}.AppStore|x64.ActiveCfg = Release|Any CPU
		{1EDE4025-EB4A-4772-B78B-C0F108B87D5D}.AppStore|x64.Build.0 = Release|Any CPU
		{1EDE4025-EB4A-4772-B78B-C0F108B87D5D}.AppStore|x86.ActiveCfg = Release|Any CPU
		{1EDE4025-EB4A-4772-B78B-C0F108B87D5D}.AppStore|x86.Build.0 = Release|Any CPU
		{1EDE4025-EB4A-4772-B78B-C0F108B87D5D}.Debug|Any CPU.ActiveCfg = Debug|Any CPU
		{1EDE4025-EB4A-4772-B78B-C0F108B87D5D}.Debug|Any CPU.Build.0 = Debug|Any CPU
		{1EDE4025-EB4A-4772-B78B-C0F108B87D5D}.Debug|ARM.ActiveCfg = Debug|Any CPU
		{1EDE4025-EB4A-4772-B78B-C0F108B87D5D}.Debug|ARM.Build.0 = Debug|Any CPU
		{1EDE4025-EB4A-4772-B78B-C0F108B87D5D}.Debug|iPhone.ActiveCfg = Debug|Any CPU
		{1EDE4025-EB4A-4772-B78B-C0F108B87D5D}.Debug|iPhone.Build.0 = Debug|Any CPU
		{1EDE4025-EB4A-4772-B78B-C0F108B87D5D}.Debug|iPhoneSimulator.ActiveCfg = Debug|Any CPU
		{1EDE4025-EB4A-4772-B78B-C0F108B87D5D}.Debug|iPhoneSimulator.Build.0 = Debug|Any CPU
		{1EDE4025-EB4A-4772-B78B-C0F108B87D5D}.Debug|x64.ActiveCfg = Debug|Any CPU
		{1EDE4025-EB4A-4772-B78B-C0F108B87D5D}.Debug|x64.Build.0 = Debug|Any CPU
		{1EDE4025-EB4A-4772-B78B-C0F108B87D5D}.Debug|x86.ActiveCfg = Debug|Any CPU
		{1EDE4025-EB4A-4772-B78B-C0F108B87D5D}.Debug|x86.Build.0 = Debug|Any CPU
		{1EDE4025-EB4A-4772-B78B-C0F108B87D5D}.Release|Any CPU.ActiveCfg = Release|Any CPU
		{1EDE4025-EB4A-4772-B78B-C0F108B87D5D}.Release|Any CPU.Build.0 = Release|Any CPU
		{1EDE4025-EB4A-4772-B78B-C0F108B87D5D}.Release|ARM.ActiveCfg = Release|Any CPU
		{1EDE4025-EB4A-4772-B78B-C0F108B87D5D}.Release|ARM.Build.0 = Release|Any CPU
		{1EDE4025-EB4A-4772-B78B-C0F108B87D5D}.Release|iPhone.ActiveCfg = Release|Any CPU
		{1EDE4025-EB4A-4772-B78B-C0F108B87D5D}.Release|iPhone.Build.0 = Release|Any CPU
		{1EDE4025-EB4A-4772-B78B-C0F108B87D5D}.Release|iPhoneSimulator.ActiveCfg = Release|Any CPU
		{1EDE4025-EB4A-4772-B78B-C0F108B87D5D}.Release|iPhoneSimulator.Build.0 = Release|Any CPU
		{1EDE4025-EB4A-4772-B78B-C0F108B87D5D}.Release|x64.ActiveCfg = Release|Any CPU
		{1EDE4025-EB4A-4772-B78B-C0F108B87D5D}.Release|x64.Build.0 = Release|Any CPU
		{1EDE4025-EB4A-4772-B78B-C0F108B87D5D}.Release|x86.ActiveCfg = Release|Any CPU
		{1EDE4025-EB4A-4772-B78B-C0F108B87D5D}.Release|x86.Build.0 = Release|Any CPU
		{9879554F-DA51-45D5-AE4E-08E30DA1BED5}.Ad-Hoc|Any CPU.ActiveCfg = Release|Any CPU
		{9879554F-DA51-45D5-AE4E-08E30DA1BED5}.Ad-Hoc|Any CPU.Build.0 = Release|Any CPU
		{9879554F-DA51-45D5-AE4E-08E30DA1BED5}.Ad-Hoc|ARM.ActiveCfg = Release|Any CPU
		{9879554F-DA51-45D5-AE4E-08E30DA1BED5}.Ad-Hoc|ARM.Build.0 = Release|Any CPU
		{9879554F-DA51-45D5-AE4E-08E30DA1BED5}.Ad-Hoc|iPhone.ActiveCfg = Release|Any CPU
		{9879554F-DA51-45D5-AE4E-08E30DA1BED5}.Ad-Hoc|iPhone.Build.0 = Release|Any CPU
		{9879554F-DA51-45D5-AE4E-08E30DA1BED5}.Ad-Hoc|iPhoneSimulator.ActiveCfg = Release|Any CPU
		{9879554F-DA51-45D5-AE4E-08E30DA1BED5}.Ad-Hoc|iPhoneSimulator.Build.0 = Release|Any CPU
		{9879554F-DA51-45D5-AE4E-08E30DA1BED5}.Ad-Hoc|x64.ActiveCfg = Release|Any CPU
		{9879554F-DA51-45D5-AE4E-08E30DA1BED5}.Ad-Hoc|x64.Build.0 = Release|Any CPU
		{9879554F-DA51-45D5-AE4E-08E30DA1BED5}.Ad-Hoc|x86.ActiveCfg = Release|Any CPU
		{9879554F-DA51-45D5-AE4E-08E30DA1BED5}.Ad-Hoc|x86.Build.0 = Release|Any CPU
		{9879554F-DA51-45D5-AE4E-08E30DA1BED5}.AppStore|Any CPU.ActiveCfg = Release|Any CPU
		{9879554F-DA51-45D5-AE4E-08E30DA1BED5}.AppStore|Any CPU.Build.0 = Release|Any CPU
		{9879554F-DA51-45D5-AE4E-08E30DA1BED5}.AppStore|ARM.ActiveCfg = Release|Any CPU
		{9879554F-DA51-45D5-AE4E-08E30DA1BED5}.AppStore|ARM.Build.0 = Release|Any CPU
		{9879554F-DA51-45D5-AE4E-08E30DA1BED5}.AppStore|iPhone.ActiveCfg = Release|Any CPU
		{9879554F-DA51-45D5-AE4E-08E30DA1BED5}.AppStore|iPhone.Build.0 = Release|Any CPU
		{9879554F-DA51-45D5-AE4E-08E30DA1BED5}.AppStore|iPhoneSimulator.ActiveCfg = Release|Any CPU
		{9879554F-DA51-45D5-AE4E-08E30DA1BED5}.AppStore|iPhoneSimulator.Build.0 = Release|Any CPU
		{9879554F-DA51-45D5-AE4E-08E30DA1BED5}.AppStore|x64.ActiveCfg = Release|Any CPU
		{9879554F-DA51-45D5-AE4E-08E30DA1BED5}.AppStore|x64.Build.0 = Release|Any CPU
		{9879554F-DA51-45D5-AE4E-08E30DA1BED5}.AppStore|x86.ActiveCfg = Release|Any CPU
		{9879554F-DA51-45D5-AE4E-08E30DA1BED5}.AppStore|x86.Build.0 = Release|Any CPU
		{9879554F-DA51-45D5-AE4E-08E30DA1BED5}.Debug|Any CPU.ActiveCfg = Debug|Any CPU
		{9879554F-DA51-45D5-AE4E-08E30DA1BED5}.Debug|Any CPU.Build.0 = Debug|Any CPU
		{9879554F-DA51-45D5-AE4E-08E30DA1BED5}.Debug|ARM.ActiveCfg = Debug|Any CPU
		{9879554F-DA51-45D5-AE4E-08E30DA1BED5}.Debug|ARM.Build.0 = Debug|Any CPU
		{9879554F-DA51-45D5-AE4E-08E30DA1BED5}.Debug|iPhone.ActiveCfg = Debug|Any CPU
		{9879554F-DA51-45D5-AE4E-08E30DA1BED5}.Debug|iPhone.Build.0 = Debug|Any CPU
		{9879554F-DA51-45D5-AE4E-08E30DA1BED5}.Debug|iPhoneSimulator.ActiveCfg = Debug|Any CPU
		{9879554F-DA51-45D5-AE4E-08E30DA1BED5}.Debug|iPhoneSimulator.Build.0 = Debug|Any CPU
		{9879554F-DA51-45D5-AE4E-08E30DA1BED5}.Debug|x64.ActiveCfg = Debug|Any CPU
		{9879554F-DA51-45D5-AE4E-08E30DA1BED5}.Debug|x64.Build.0 = Debug|Any CPU
		{9879554F-DA51-45D5-AE4E-08E30DA1BED5}.Debug|x86.ActiveCfg = Debug|Any CPU
		{9879554F-DA51-45D5-AE4E-08E30DA1BED5}.Debug|x86.Build.0 = Debug|Any CPU
		{9879554F-DA51-45D5-AE4E-08E30DA1BED5}.Release|Any CPU.ActiveCfg = Release|Any CPU
		{9879554F-DA51-45D5-AE4E-08E30DA1BED5}.Release|Any CPU.Build.0 = Release|Any CPU
		{9879554F-DA51-45D5-AE4E-08E30DA1BED5}.Release|ARM.ActiveCfg = Release|Any CPU
		{9879554F-DA51-45D5-AE4E-08E30DA1BED5}.Release|ARM.Build.0 = Release|Any CPU
		{9879554F-DA51-45D5-AE4E-08E30DA1BED5}.Release|iPhone.ActiveCfg = Release|Any CPU
		{9879554F-DA51-45D5-AE4E-08E30DA1BED5}.Release|iPhone.Build.0 = Release|Any CPU
		{9879554F-DA51-45D5-AE4E-08E30DA1BED5}.Release|iPhoneSimulator.ActiveCfg = Release|Any CPU
		{9879554F-DA51-45D5-AE4E-08E30DA1BED5}.Release|iPhoneSimulator.Build.0 = Release|Any CPU
		{9879554F-DA51-45D5-AE4E-08E30DA1BED5}.Release|x64.ActiveCfg = Release|Any CPU
		{9879554F-DA51-45D5-AE4E-08E30DA1BED5}.Release|x64.Build.0 = Release|Any CPU
		{9879554F-DA51-45D5-AE4E-08E30DA1BED5}.Release|x86.ActiveCfg = Release|Any CPU
		{9879554F-DA51-45D5-AE4E-08E30DA1BED5}.Release|x86.Build.0 = Release|Any CPU
		{34CAC680-1B8C-40AA-9C38-4AA167DFF4BE}.Ad-Hoc|Any CPU.ActiveCfg = Release|Any CPU
		{34CAC680-1B8C-40AA-9C38-4AA167DFF4BE}.Ad-Hoc|Any CPU.Build.0 = Release|Any CPU
		{34CAC680-1B8C-40AA-9C38-4AA167DFF4BE}.Ad-Hoc|ARM.ActiveCfg = Release|Any CPU
		{34CAC680-1B8C-40AA-9C38-4AA167DFF4BE}.Ad-Hoc|ARM.Build.0 = Release|Any CPU
		{34CAC680-1B8C-40AA-9C38-4AA167DFF4BE}.Ad-Hoc|iPhone.ActiveCfg = Release|Any CPU
		{34CAC680-1B8C-40AA-9C38-4AA167DFF4BE}.Ad-Hoc|iPhone.Build.0 = Release|Any CPU
		{34CAC680-1B8C-40AA-9C38-4AA167DFF4BE}.Ad-Hoc|iPhoneSimulator.ActiveCfg = Release|Any CPU
		{34CAC680-1B8C-40AA-9C38-4AA167DFF4BE}.Ad-Hoc|iPhoneSimulator.Build.0 = Release|Any CPU
		{34CAC680-1B8C-40AA-9C38-4AA167DFF4BE}.Ad-Hoc|x64.ActiveCfg = Release|Any CPU
		{34CAC680-1B8C-40AA-9C38-4AA167DFF4BE}.Ad-Hoc|x64.Build.0 = Release|Any CPU
		{34CAC680-1B8C-40AA-9C38-4AA167DFF4BE}.Ad-Hoc|x86.ActiveCfg = Release|Any CPU
		{34CAC680-1B8C-40AA-9C38-4AA167DFF4BE}.Ad-Hoc|x86.Build.0 = Release|Any CPU
		{34CAC680-1B8C-40AA-9C38-4AA167DFF4BE}.AppStore|Any CPU.ActiveCfg = Release|Any CPU
		{34CAC680-1B8C-40AA-9C38-4AA167DFF4BE}.AppStore|Any CPU.Build.0 = Release|Any CPU
		{34CAC680-1B8C-40AA-9C38-4AA167DFF4BE}.AppStore|ARM.ActiveCfg = Release|Any CPU
		{34CAC680-1B8C-40AA-9C38-4AA167DFF4BE}.AppStore|ARM.Build.0 = Release|Any CPU
		{34CAC680-1B8C-40AA-9C38-4AA167DFF4BE}.AppStore|iPhone.ActiveCfg = Release|Any CPU
		{34CAC680-1B8C-40AA-9C38-4AA167DFF4BE}.AppStore|iPhone.Build.0 = Release|Any CPU
		{34CAC680-1B8C-40AA-9C38-4AA167DFF4BE}.AppStore|iPhoneSimulator.ActiveCfg = Release|Any CPU
		{34CAC680-1B8C-40AA-9C38-4AA167DFF4BE}.AppStore|iPhoneSimulator.Build.0 = Release|Any CPU
		{34CAC680-1B8C-40AA-9C38-4AA167DFF4BE}.AppStore|x64.ActiveCfg = Release|Any CPU
		{34CAC680-1B8C-40AA-9C38-4AA167DFF4BE}.AppStore|x64.Build.0 = Release|Any CPU
		{34CAC680-1B8C-40AA-9C38-4AA167DFF4BE}.AppStore|x86.ActiveCfg = Release|Any CPU
		{34CAC680-1B8C-40AA-9C38-4AA167DFF4BE}.AppStore|x86.Build.0 = Release|Any CPU
		{34CAC680-1B8C-40AA-9C38-4AA167DFF4BE}.Debug|Any CPU.ActiveCfg = Debug|Any CPU
		{34CAC680-1B8C-40AA-9C38-4AA167DFF4BE}.Debug|Any CPU.Build.0 = Debug|Any CPU
		{34CAC680-1B8C-40AA-9C38-4AA167DFF4BE}.Debug|ARM.ActiveCfg = Debug|Any CPU
		{34CAC680-1B8C-40AA-9C38-4AA167DFF4BE}.Debug|ARM.Build.0 = Debug|Any CPU
		{34CAC680-1B8C-40AA-9C38-4AA167DFF4BE}.Debug|iPhone.ActiveCfg = Debug|Any CPU
		{34CAC680-1B8C-40AA-9C38-4AA167DFF4BE}.Debug|iPhone.Build.0 = Debug|Any CPU
		{34CAC680-1B8C-40AA-9C38-4AA167DFF4BE}.Debug|iPhoneSimulator.ActiveCfg = Debug|Any CPU
		{34CAC680-1B8C-40AA-9C38-4AA167DFF4BE}.Debug|iPhoneSimulator.Build.0 = Debug|Any CPU
		{34CAC680-1B8C-40AA-9C38-4AA167DFF4BE}.Debug|x64.ActiveCfg = Debug|Any CPU
		{34CAC680-1B8C-40AA-9C38-4AA167DFF4BE}.Debug|x64.Build.0 = Debug|Any CPU
		{34CAC680-1B8C-40AA-9C38-4AA167DFF4BE}.Debug|x86.ActiveCfg = Debug|Any CPU
		{34CAC680-1B8C-40AA-9C38-4AA167DFF4BE}.Debug|x86.Build.0 = Debug|Any CPU
		{34CAC680-1B8C-40AA-9C38-4AA167DFF4BE}.Release|Any CPU.ActiveCfg = Release|Any CPU
		{34CAC680-1B8C-40AA-9C38-4AA167DFF4BE}.Release|Any CPU.Build.0 = Release|Any CPU
		{34CAC680-1B8C-40AA-9C38-4AA167DFF4BE}.Release|ARM.ActiveCfg = Release|Any CPU
		{34CAC680-1B8C-40AA-9C38-4AA167DFF4BE}.Release|ARM.Build.0 = Release|Any CPU
		{34CAC680-1B8C-40AA-9C38-4AA167DFF4BE}.Release|iPhone.ActiveCfg = Release|Any CPU
		{34CAC680-1B8C-40AA-9C38-4AA167DFF4BE}.Release|iPhone.Build.0 = Release|Any CPU
		{34CAC680-1B8C-40AA-9C38-4AA167DFF4BE}.Release|iPhoneSimulator.ActiveCfg = Release|Any CPU
		{34CAC680-1B8C-40AA-9C38-4AA167DFF4BE}.Release|iPhoneSimulator.Build.0 = Release|Any CPU
		{34CAC680-1B8C-40AA-9C38-4AA167DFF4BE}.Release|x64.ActiveCfg = Release|Any CPU
		{34CAC680-1B8C-40AA-9C38-4AA167DFF4BE}.Release|x64.Build.0 = Release|Any CPU
		{34CAC680-1B8C-40AA-9C38-4AA167DFF4BE}.Release|x86.ActiveCfg = Release|Any CPU
		{34CAC680-1B8C-40AA-9C38-4AA167DFF4BE}.Release|x86.Build.0 = Release|Any CPU
	EndGlobalSection
	GlobalSection(SolutionProperties) = preSolution
		HideSolutionNode = FALSE
	EndGlobalSection
	GlobalSection(ExtensibilityGlobals) = postSolution
		SolutionGuid = {0FF146A7-8C8F-45B0-BF9B-F4FD4184CDF5}
	EndGlobalSection
EndGlobal
